
Microsoft Visual Studio Solution File, Format Version 12.00
# Visual Studio Version 17
VisualStudioVersion = 17.0.31903.59
MinimumVisualStudioVersion = 10.0.40219.1
Project("{2150E333-8FDC-42A3-9474-1A3956D46DE8}") = "src", "src", "{435949B2-52BF-447E-BA7B-F0EBA58F8723}"
EndProject
Project("{2150E333-8FDC-42A3-9474-1A3956D46DE8}") = "Core", "Core", "{E23E911E-70D4-4BEE-9816-5B8AABF73878}"
EndProject
Project("{9A19103F-16F7-4668-BE54-9A1E7A4F7556}") = "ASM.Domain", "src\Core\Domain\ASM.Domain.csproj", "{B945BA0D-B9B4-447B-9A63-04DC68868693}"
EndProject
Project("{2150E333-8FDC-42A3-9474-1A3956D46DE8}") = "Infrastructure", "Infrastructure", "{EB74793C-5AE9-4556-B27F-455C52FCFAD5}"
EndProject
Project("{9A19103F-16F7-4668-BE54-9A1E7A4F7556}") = "ASM.Database", "src\Infrastructure\Repositories\ASM.Database.csproj", "{5A76A033-DD48-4DFE-98EC-F322A2E5A58A}"
EndProject
Project("{2150E333-8FDC-42A3-9474-1A3956D46DE8}") = "Presentation", "Presentation", "{E344672F-C105-4E77-972B-BFAD0FC65F2C}"
EndProject
Project("{9A19103F-16F7-4668-BE54-9A1E7A4F7556}") = "ASM.WebApi", "src\Presentation\API\ASM.WebApi.csproj", "{748A10DD-7C20-427D-AA65-65A52B292685}"
EndProject
Project("{9A19103F-16F7-4668-BE54-9A1E7A4F7556}") = "ASM.Repositories", "src\Core\Repositories\ASM.Repositories.csproj", "{6772610E-D7B2-47CD-AF50-C2A96CFFD676}"
EndProject
Project("{9A19103F-16F7-4668-BE54-9A1E7A4F7556}") = "ASM.Services", "src\Core\ASM.Services\ASM.Services.csproj", "{6E79DE88-ED29-41D6-8AE5-12ABB71520DB}"
EndProject
Project("{FAE04EC0-301F-11D3-BF4B-00C04F79EFBC}") = "ASM.Application", "src\Core\ASM.Application\ASM.Application.csproj", "{289BEE48-A94F-4927-8732-18764FAC8322}"
EndProject
Global
	GlobalSection(SolutionConfigurationPlatforms) = preSolution
		Debug|Any CPU = Debug|Any CPU
		Release|Any CPU = Release|Any CPU
	EndGlobalSection
	GlobalSection(ProjectConfigurationPlatforms) = postSolution
		{B945BA0D-B9B4-447B-9A63-04DC68868693}.Debug|Any CPU.ActiveCfg = Debug|Any CPU
		{B945BA0D-B9B4-447B-9A63-04DC68868693}.Debug|Any CPU.Build.0 = Debug|Any CPU
		{B945BA0D-B9B4-447B-9A63-04DC68868693}.Release|Any CPU.ActiveCfg = Release|Any CPU
		{B945BA0D-B9B4-447B-9A63-04DC68868693}.Release|Any CPU.Build.0 = Release|Any CPU
		{5A76A033-DD48-4DFE-98EC-F322A2E5A58A}.Debug|Any CPU.ActiveCfg = Debug|Any CPU
		{5A76A033-DD48-4DFE-98EC-F322A2E5A58A}.Debug|Any CPU.Build.0 = Debug|Any CPU
		{5A76A033-DD48-4DFE-98EC-F322A2E5A58A}.Release|Any CPU.ActiveCfg = Release|Any CPU
		{5A76A033-DD48-4DFE-98EC-F322A2E5A58A}.Release|Any CPU.Build.0 = Release|Any CPU
		{748A10DD-7C20-427D-AA65-65A52B292685}.Debug|Any CPU.ActiveCfg = Debug|Any CPU
		{748A10DD-7C20-427D-AA65-65A52B292685}.Debug|Any CPU.Build.0 = Debug|Any CPU
		{748A10DD-7C20-427D-AA65-65A52B292685}.Release|Any CPU.ActiveCfg = Release|Any CPU
		{748A10DD-7C20-427D-AA65-65A52B292685}.Release|Any CPU.Build.0 = Release|Any CPU
		{6772610E-D7B2-47CD-AF50-C2A96CFFD676}.Debug|Any CPU.ActiveCfg = Debug|Any CPU
		{6772610E-D7B2-47CD-AF50-C2A96CFFD676}.Debug|Any CPU.Build.0 = Debug|Any CPU
		{6772610E-D7B2-47CD-AF50-C2A96CFFD676}.Release|Any CPU.ActiveCfg = Release|Any CPU
		{6772610E-D7B2-47CD-AF50-C2A96CFFD676}.Release|Any CPU.Build.0 = Release|Any CPU
		{6E79DE88-ED29-41D6-8AE5-12ABB71520DB}.Debug|Any CPU.ActiveCfg = Debug|Any CPU
		{6E79DE88-ED29-41D6-8AE5-12ABB71520DB}.Debug|Any CPU.Build.0 = Debug|Any CPU
		{6E79DE88-ED29-41D6-8AE5-12ABB71520DB}.Release|Any CPU.ActiveCfg = Release|Any CPU
		{6E79DE88-ED29-41D6-8AE5-12ABB71520DB}.Release|Any CPU.Build.0 = Release|Any CPU
		{289BEE48-A94F-4927-8732-18764FAC8322}.Debug|Any CPU.ActiveCfg = Debug|Any CPU
		{289BEE48-A94F-4927-8732-18764FAC8322}.Debug|Any CPU.Build.0 = Debug|Any CPU
		{289BEE48-A94F-4927-8732-18764FAC8322}.Release|Any CPU.ActiveCfg = Release|Any CPU
		{289BEE48-A94F-4927-8732-18764FAC8322}.Release|Any CPU.Build.0 = Release|Any CPU
	EndGlobalSection
	GlobalSection(SolutionProperties) = preSolution
		HideSolutionNode = FALSE
	EndGlobalSection
	GlobalSection(NestedProjects) = preSolution
		{E23E911E-70D4-4BEE-9816-5B8AABF73878} = {435949B2-52BF-447E-BA7B-F0EBA58F8723}
		{B945BA0D-B9B4-447B-9A63-04DC68868693} = {E23E911E-70D4-4BEE-9816-5B8AABF73878}
		{EB74793C-5AE9-4556-B27F-455C52FCFAD5} = {435949B2-52BF-447E-BA7B-F0EBA58F8723}
		{5A76A033-DD48-4DFE-98EC-F322A2E5A58A} = {EB74793C-5AE9-4556-B27F-455C52FCFAD5}
		{E344672F-C105-4E77-972B-BFAD0FC65F2C} = {435949B2-52BF-447E-BA7B-F0EBA58F8723}
		{748A10DD-7C20-427D-AA65-65A52B292685} = {E344672F-C105-4E77-972B-BFAD0FC65F2C}
		{6772610E-D7B2-47CD-AF50-C2A96CFFD676} = {E23E911E-70D4-4BEE-9816-5B8AABF73878}
		{6E79DE88-ED29-41D6-8AE5-12ABB71520DB} = {E23E911E-70D4-4BEE-9816-5B8AABF73878}
		{289BEE48-A94F-4927-8732-18764FAC8322} = {E23E911E-70D4-4BEE-9816-5B8AABF73878}
	EndGlobalSection
	GlobalSection(ExtensibilityGlobals) = postSolution
		SolutionGuid = {17503FA8-6792-4AD6-9FD8-AF8E3056D3F1}
	EndGlobalSection
EndGlobal
